
Microsoft Visual Studio Solution File, Format Version 12.00
# Visual Studio Version 17
VisualStudioVersion = 17.5.002.0
MinimumVisualStudioVersion = 10.0.40219.1
Project("{2150E333-8FDC-42A3-9474-1A3956D46DE8}") = "csharp-prep", "csharp-prep", "{A76F4FE1-C03E-456E-BC7C-28F0F9EA3E57}"
EndProject
Project("{9A19103F-16F7-4668-BE54-9A1E7A4F7556}") = "Prep1", "csharp-prep\Prep1\Prep1.csproj", "{7E71381A-0A9E-4F74-BEAE-9524E0C77B97}"
EndProject
Project("{9A19103F-16F7-4668-BE54-9A1E7A4F7556}") = "Prep2", "csharp-prep\Prep2\Prep2.csproj", "{52A8BB56-FF8A-4C54-B905-F6CC73F281F7}"
EndProject
Project("{9A19103F-16F7-4668-BE54-9A1E7A4F7556}") = "Prep3", "csharp-prep\Prep3\Prep3.csproj", "{01F6B741-8D8A-40C3-A568-F2C3FC24C8BA}"
EndProject
Project("{9A19103F-16F7-4668-BE54-9A1E7A4F7556}") = "Prep4", "csharp-prep\Prep4\Prep4.csproj", "{3AC0E1EB-715F-4E34-A1C2-654769C045D2}"
EndProject
Project("{9A19103F-16F7-4668-BE54-9A1E7A4F7556}") = "Prep5", "csharp-prep\Prep5\Prep5.csproj", "{DD28AACC-61CE-4A5B-B945-714386FFC311}"
EndProject
Project("{2150E333-8FDC-42A3-9474-1A3956D46DE8}") = "final", "final", "{956652F6-F74A-4A6D-865A-AADF5F796131}"
EndProject
Project("{9A19103F-16F7-4668-BE54-9A1E7A4F7556}") = "FinalProject", "final\FinalProject\FinalProject.csproj", "{A9DDC131-0068-477D-8A44-D75AE48F6146}"
EndProject
Project("{9A19103F-16F7-4668-BE54-9A1E7A4F7556}") = "Foundation1", "final\Foundation1\Foundation1.csproj", "{E989603C-ADC0-4BE9-9306-5939F3C446AB}"
EndProject
Project("{9A19103F-16F7-4668-BE54-9A1E7A4F7556}") = "Foundation2", "final\Foundation2\Foundation2.csproj", "{77200CEC-80AC-4F52-BC4C-96912773B76B}"
EndProject
Project("{9A19103F-16F7-4668-BE54-9A1E7A4F7556}") = "Foundation3", "final\Foundation3\Foundation3.csproj", "{080D2E2B-2FD9-4264-88AD-E75F13D0F023}"
EndProject
Project("{9A19103F-16F7-4668-BE54-9A1E7A4F7556}") = "Foundation4", "final\Foundation4\Foundation4.csproj", "{672EC842-3D01-4AF4-B149-9EE21EDCCD74}"
EndProject
Project("{2150E333-8FDC-42A3-9474-1A3956D46DE8}") = "prepare", "prepare", "{8E699662-3709-4C5E-B2F5-A5A3FDFF7E74}"
EndProject
Project("{9A19103F-16F7-4668-BE54-9A1E7A4F7556}") = "Learning02", "prepare\Learning02\Learning02.csproj", "{6A417D50-A9E9-4638-B24A-278D1EA10FCA}"
EndProject
Project("{9A19103F-16F7-4668-BE54-9A1E7A4F7556}") = "Learning03", "prepare\Learning03\Learning03.csproj", "{87AAF01F-B768-4DA8-8508-1A9570A79BA1}"
EndProject
Project("{9A19103F-16F7-4668-BE54-9A1E7A4F7556}") = "Learning04", "prepare\Learning04\Learning04.csproj", "{7DC01E78-441A-49FC-BF1F-5E5CEFAE6295}"
EndProject
Project("{9A19103F-16F7-4668-BE54-9A1E7A4F7556}") = "Learning05", "prepare\Learning05\Learning05.csproj", "{8FEFB02C-1D7E-4658-A0AB-A57F863EE39A}"
EndProject
Project("{2150E333-8FDC-42A3-9474-1A3956D46DE8}") = "prove", "prove", "{ABFF7CA8-1D3C-432A-9E00-BFFC2103FF76}"
EndProject
Project("{9A19103F-16F7-4668-BE54-9A1E7A4F7556}") = "Develop02", "prove\Develop02\Develop02.csproj", "{A89F9A95-5AD5-4462-A09C-0A64F2EBC777}"
EndProject
Project("{9A19103F-16F7-4668-BE54-9A1E7A4F7556}") = "Develop03", "prove\Develop03\Develop03.csproj", "{4A324BA4-F4E9-4099-A732-520134BC9772}"
EndProject
Project("{9A19103F-16F7-4668-BE54-9A1E7A4F7556}") = "Develop04", "prove\Develop04\Develop04.csproj", "{F6F68B8E-4F9B-4837-837A-AD56BEB6C9C4}"
EndProject
Project("{9A19103F-16F7-4668-BE54-9A1E7A4F7556}") = "Develop05", "prove\Develop05\Develop05.csproj", "{57DE6A0C-CD9F-4EDE-AD46-8BE77E86F00A}"
EndProject
Project("{2150E333-8FDC-42A3-9474-1A3956D46DE8}") = "sandbox", "sandbox", "{BF9305AA-C09B-4D8F-B393-349CB24C651E}"
EndProject
Project("{9A19103F-16F7-4668-BE54-9A1E7A4F7556}") = "Sandbox", "sandbox\Sandbox\Sandbox.csproj", "{A369D429-8062-4487-99F6-899DC306DCDC}"
EndProject
Global
	GlobalSection(SolutionConfigurationPlatforms) = preSolution
		Debug|Any CPU = Debug|Any CPU
		Release|Any CPU = Release|Any CPU
	EndGlobalSection
	GlobalSection(ProjectConfigurationPlatforms) = postSolution
		{7E71381A-0A9E-4F74-BEAE-9524E0C77B97}.Debug|Any CPU.ActiveCfg = Debug|Any CPU
		{7E71381A-0A9E-4F74-BEAE-9524E0C77B97}.Debug|Any CPU.Build.0 = Debug|Any CPU
		{7E71381A-0A9E-4F74-BEAE-9524E0C77B97}.Release|Any CPU.ActiveCfg = Release|Any CPU
		{7E71381A-0A9E-4F74-BEAE-9524E0C77B97}.Release|Any CPU.Build.0 = Release|Any CPU
		{52A8BB56-FF8A-4C54-B905-F6CC73F281F7}.Debug|Any CPU.ActiveCfg = Debug|Any CPU
		{52A8BB56-FF8A-4C54-B905-F6CC73F281F7}.Debug|Any CPU.Build.0 = Debug|Any CPU
		{52A8BB56-FF8A-4C54-B905-F6CC73F281F7}.Release|Any CPU.ActiveCfg = Release|Any CPU
		{52A8BB56-FF8A-4C54-B905-F6CC73F281F7}.Release|Any CPU.Build.0 = Release|Any CPU
		{01F6B741-8D8A-40C3-A568-F2C3FC24C8BA}.Debug|Any CPU.ActiveCfg = Debug|Any CPU
		{01F6B741-8D8A-40C3-A568-F2C3FC24C8BA}.Debug|Any CPU.Build.0 = Debug|Any CPU
		{01F6B741-8D8A-40C3-A568-F2C3FC24C8BA}.Release|Any CPU.ActiveCfg = Release|Any CPU
		{01F6B741-8D8A-40C3-A568-F2C3FC24C8BA}.Release|Any CPU.Build.0 = Release|Any CPU
		{3AC0E1EB-715F-4E34-A1C2-654769C045D2}.Debug|Any CPU.ActiveCfg = Debug|Any CPU
		{3AC0E1EB-715F-4E34-A1C2-654769C045D2}.Debug|Any CPU.Build.0 = Debug|Any CPU
		{3AC0E1EB-715F-4E34-A1C2-654769C045D2}.Release|Any CPU.ActiveCfg = Release|Any CPU
		{3AC0E1EB-715F-4E34-A1C2-654769C045D2}.Release|Any CPU.Build.0 = Release|Any CPU
		{DD28AACC-61CE-4A5B-B945-714386FFC311}.Debug|Any CPU.ActiveCfg = Debug|Any CPU
		{DD28AACC-61CE-4A5B-B945-714386FFC311}.Debug|Any CPU.Build.0 = Debug|Any CPU
		{DD28AACC-61CE-4A5B-B945-714386FFC311}.Release|Any CPU.ActiveCfg = Release|Any CPU
		{DD28AACC-61CE-4A5B-B945-714386FFC311}.Release|Any CPU.Build.0 = Release|Any CPU
		{A9DDC131-0068-477D-8A44-D75AE48F6146}.Debug|Any CPU.ActiveCfg = Debug|Any CPU
		{A9DDC131-0068-477D-8A44-D75AE48F6146}.Debug|Any CPU.Build.0 = Debug|Any CPU
		{A9DDC131-0068-477D-8A44-D75AE48F6146}.Release|Any CPU.ActiveCfg = Release|Any CPU
		{A9DDC131-0068-477D-8A44-D75AE48F6146}.Release|Any CPU.Build.0 = Release|Any CPU
		{E989603C-ADC0-4BE9-9306-5939F3C446AB}.Debug|Any CPU.ActiveCfg = Debug|Any CPU
		{E989603C-ADC0-4BE9-9306-5939F3C446AB}.Debug|Any CPU.Build.0 = Debug|Any CPU
		{E989603C-ADC0-4BE9-9306-5939F3C446AB}.Release|Any CPU.ActiveCfg = Release|Any CPU
		{E989603C-ADC0-4BE9-9306-5939F3C446AB}.Release|Any CPU.Build.0 = Release|Any CPU
		{77200CEC-80AC-4F52-BC4C-96912773B76B}.Debug|Any CPU.ActiveCfg = Debug|Any CPU
		{77200CEC-80AC-4F52-BC4C-96912773B76B}.Debug|Any CPU.Build.0 = Debug|Any CPU
		{77200CEC-80AC-4F52-BC4C-96912773B76B}.Release|Any CPU.ActiveCfg = Release|Any CPU
		{77200CEC-80AC-4F52-BC4C-96912773B76B}.Release|Any CPU.Build.0 = Release|Any CPU
		{080D2E2B-2FD9-4264-88AD-E75F13D0F023}.Debug|Any CPU.ActiveCfg = Debug|Any CPU
		{080D2E2B-2FD9-4264-88AD-E75F13D0F023}.Debug|Any CPU.Build.0 = Debug|Any CPU
		{080D2E2B-2FD9-4264-88AD-E75F13D0F023}.Release|Any CPU.ActiveCfg = Release|Any CPU
		{080D2E2B-2FD9-4264-88AD-E75F13D0F023}.Release|Any CPU.Build.0 = Release|Any CPU
		{672EC842-3D01-4AF4-B149-9EE21EDCCD74}.Debug|Any CPU.ActiveCfg = Debug|Any CPU
		{672EC842-3D01-4AF4-B149-9EE21EDCCD74}.Debug|Any CPU.Build.0 = Debug|Any CPU
		{672EC842-3D01-4AF4-B149-9EE21EDCCD74}.Release|Any CPU.ActiveCfg = Release|Any CPU
		{672EC842-3D01-4AF4-B149-9EE21EDCCD74}.Release|Any CPU.Build.0 = Release|Any CPU
		{6A417D50-A9E9-4638-B24A-278D1EA10FCA}.Debug|Any CPU.ActiveCfg = Debug|Any CPU
		{6A417D50-A9E9-4638-B24A-278D1EA10FCA}.Debug|Any CPU.Build.0 = Debug|Any CPU
		{6A417D50-A9E9-4638-B24A-278D1EA10FCA}.Release|Any CPU.ActiveCfg = Release|Any CPU
		{6A417D50-A9E9-4638-B24A-278D1EA10FCA}.Release|Any CPU.Build.0 = Release|Any CPU
		{87AAF01F-B768-4DA8-8508-1A9570A79BA1}.Debug|Any CPU.ActiveCfg = Debug|Any CPU
		{87AAF01F-B768-4DA8-8508-1A9570A79BA1}.Debug|Any CPU.Build.0 = Debug|Any CPU
		{87AAF01F-B768-4DA8-8508-1A9570A79BA1}.Release|Any CPU.ActiveCfg = Release|Any CPU
		{87AAF01F-B768-4DA8-8508-1A9570A79BA1}.Release|Any CPU.Build.0 = Release|Any CPU
		{7DC01E78-441A-49FC-BF1F-5E5CEFAE6295}.Debug|Any CPU.ActiveCfg = Debug|Any CPU
		{7DC01E78-441A-49FC-BF1F-5E5CEFAE6295}.Debug|Any CPU.Build.0 = Debug|Any CPU
		{7DC01E78-441A-49FC-BF1F-5E5CEFAE6295}.Release|Any CPU.ActiveCfg = Release|Any CPU
		{7DC01E78-441A-49FC-BF1F-5E5CEFAE6295}.Release|Any CPU.Build.0 = Release|Any CPU
		{8FEFB02C-1D7E-4658-A0AB-A57F863EE39A}.Debug|Any CPU.ActiveCfg = Debug|Any CPU
		{8FEFB02C-1D7E-4658-A0AB-A57F863EE39A}.Debug|Any CPU.Build.0 = Debug|Any CPU
		{8FEFB02C-1D7E-4658-A0AB-A57F863EE39A}.Release|Any CPU.ActiveCfg = Release|Any CPU
		{8FEFB02C-1D7E-4658-A0AB-A57F863EE39A}.Release|Any CPU.Build.0 = Release|Any CPU
		{A89F9A95-5AD5-4462-A09C-0A64F2EBC777}.Debug|Any CPU.ActiveCfg = Debug|Any CPU
		{A89F9A95-5AD5-4462-A09C-0A64F2EBC777}.Debug|Any CPU.Build.0 = Debug|Any CPU
		{A89F9A95-5AD5-4462-A09C-0A64F2EBC777}.Release|Any CPU.ActiveCfg = Release|Any CPU
		{A89F9A95-5AD5-4462-A09C-0A64F2EBC777}.Release|Any CPU.Build.0 = Release|Any CPU
		{4A324BA4-F4E9-4099-A732-520134BC9772}.Debug|Any CPU.ActiveCfg = Debug|Any CPU
		{4A324BA4-F4E9-4099-A732-520134BC9772}.Debug|Any CPU.Build.0 = Debug|Any CPU
		{4A324BA4-F4E9-4099-A732-520134BC9772}.Release|Any CPU.ActiveCfg = Release|Any CPU
		{4A324BA4-F4E9-4099-A732-520134BC9772}.Release|Any CPU.Build.0 = Release|Any CPU
		{F6F68B8E-4F9B-4837-837A-AD56BEB6C9C4}.Debug|Any CPU.ActiveCfg = Debug|Any CPU
		{F6F68B8E-4F9B-4837-837A-AD56BEB6C9C4}.Debug|Any CPU.Build.0 = Debug|Any CPU
		{F6F68B8E-4F9B-4837-837A-AD56BEB6C9C4}.Release|Any CPU.ActiveCfg = Release|Any CPU
		{F6F68B8E-4F9B-4837-837A-AD56BEB6C9C4}.Release|Any CPU.Build.0 = Release|Any CPU
		{57DE6A0C-CD9F-4EDE-AD46-8BE77E86F00A}.Debug|Any CPU.ActiveCfg = Debug|Any CPU
		{57DE6A0C-CD9F-4EDE-AD46-8BE77E86F00A}.Debug|Any CPU.Build.0 = Debug|Any CPU
		{57DE6A0C-CD9F-4EDE-AD46-8BE77E86F00A}.Release|Any CPU.ActiveCfg = Release|Any CPU
		{57DE6A0C-CD9F-4EDE-AD46-8BE77E86F00A}.Release|Any CPU.Build.0 = Release|Any CPU
		{A369D429-8062-4487-99F6-899DC306DCDC}.Debug|Any CPU.ActiveCfg = Debug|Any CPU
		{A369D429-8062-4487-99F6-899DC306DCDC}.Debug|Any CPU.Build.0 = Debug|Any CPU
		{A369D429-8062-4487-99F6-899DC306DCDC}.Release|Any CPU.ActiveCfg = Release|Any CPU
		{A369D429-8062-4487-99F6-899DC306DCDC}.Release|Any CPU.Build.0 = Release|Any CPU
	EndGlobalSection
	GlobalSection(SolutionProperties) = preSolution
		HideSolutionNode = FALSE
	EndGlobalSection
	GlobalSection(NestedProjects) = preSolution
		{7E71381A-0A9E-4F74-BEAE-9524E0C77B97} = {A76F4FE1-C03E-456E-BC7C-28F0F9EA3E57}
		{52A8BB56-FF8A-4C54-B905-F6CC73F281F7} = {A76F4FE1-C03E-456E-BC7C-28F0F9EA3E57}
		{01F6B741-8D8A-40C3-A568-F2C3FC24C8BA} = {A76F4FE1-C03E-456E-BC7C-28F0F9EA3E57}
		{3AC0E1EB-715F-4E34-A1C2-654769C045D2} = {A76F4FE1-C03E-456E-BC7C-28F0F9EA3E57}
		{DD28AACC-61CE-4A5B-B945-714386FFC311} = {A76F4FE1-C03E-456E-BC7C-28F0F9EA3E57}
		{A9DDC131-0068-477D-8A44-D75AE48F6146} = {956652F6-F74A-4A6D-865A-AADF5F796131}
		{E989603C-ADC0-4BE9-9306-5939F3C446AB} = {956652F6-F74A-4A6D-865A-AADF5F796131}
		{77200CEC-80AC-4F52-BC4C-96912773B76B} = {956652F6-F74A-4A6D-865A-AADF5F796131}
		{080D2E2B-2FD9-4264-88AD-E75F13D0F023} = {956652F6-F74A-4A6D-865A-AADF5F796131}
		{672EC842-3D01-4AF4-B149-9EE21EDCCD74} = {956652F6-F74A-4A6D-865A-AADF5F796131}
		{6A417D50-A9E9-4638-B24A-278D1EA10FCA} = {8E699662-3709-4C5E-B2F5-A5A3FDFF7E74}
		{87AAF01F-B768-4DA8-8508-1A9570A79BA1} = {8E699662-3709-4C5E-B2F5-A5A3FDFF7E74}
		{7DC01E78-441A-49FC-BF1F-5E5CEFAE6295} = {8E699662-3709-4C5E-B2F5-A5A3FDFF7E74}
		{8FEFB02C-1D7E-4658-A0AB-A57F863EE39A} = {8E699662-3709-4C5E-B2F5-A5A3FDFF7E74}
		{A89F9A95-5AD5-4462-A09C-0A64F2EBC777} = {ABFF7CA8-1D3C-432A-9E00-BFFC2103FF76}
		{4A324BA4-F4E9-4099-A732-520134BC9772} = {ABFF7CA8-1D3C-432A-9E00-BFFC2103FF76}
		{F6F68B8E-4F9B-4837-837A-AD56BEB6C9C4} = {ABFF7CA8-1D3C-432A-9E00-BFFC2103FF76}
		{57DE6A0C-CD9F-4EDE-AD46-8BE77E86F00A} = {ABFF7CA8-1D3C-432A-9E00-BFFC2103FF76}
		{A369D429-8062-4487-99F6-899DC306DCDC} = {BF9305AA-C09B-4D8F-B393-349CB24C651E}
	EndGlobalSection
	GlobalSection(ExtensibilityGlobals) = postSolution
		SolutionGuid = {71281211-A7BC-43CD-97D6-01CF4A4A65DF}
	EndGlobalSection
EndGlobal
